// !$*UTF8*$!
{
	archiveVersion = 1;
	classes = {
	};
	objectVersion = 48;
	objects = {

/* Begin PBXBuildFile section */
		280EFACC1F8801290033236F /* AppDelegate.swift in Sources */ = {isa = PBXBuildFile; fileRef = 280EFACB1F8801290033236F /* AppDelegate.swift */; };
		280EFACE1F8801290033236F /* ViewController.swift in Sources */ = {isa = PBXBuildFile; fileRef = 280EFACD1F8801290033236F /* ViewController.swift */; };
		280EFAD11F8801290033236F /* Main.storyboard in Resources */ = {isa = PBXBuildFile; fileRef = 280EFACF1F8801290033236F /* Main.storyboard */; };
		280EFAD31F8801290033236F /* Assets.xcassets in Resources */ = {isa = PBXBuildFile; fileRef = 280EFAD21F8801290033236F /* Assets.xcassets */; };
		280EFAD61F8801290033236F /* LaunchScreen.storyboard in Resources */ = {isa = PBXBuildFile; fileRef = 280EFAD41F8801290033236F /* LaunchScreen.storyboard */; };
		280EFAE01F88140A0033236F /* Settings in Resources */ = {isa = PBXBuildFile; fileRef = 280EFADF1F88140A0033236F /* Settings */; };
/* End PBXBuildFile section */

/* Begin PBXFileReference section */
		280EFAC81F8801290033236F /* FirstAfternoonDemo.app */ = {isa = PBXFileReference; explicitFileType = wrapper.application; includeInIndex = 0; path = FirstAfternoonDemo.app; sourceTree = BUILT_PRODUCTS_DIR; };
		280EFACB1F8801290033236F /* AppDelegate.swift */ = {isa = PBXFileReference; lastKnownFileType = sourcecode.swift; path = AppDelegate.swift; sourceTree = "<group>"; };
		280EFACD1F8801290033236F /* ViewController.swift */ = {isa = PBXFileReference; lastKnownFileType = sourcecode.swift; path = ViewController.swift; sourceTree = "<group>"; };
		280EFAD01F8801290033236F /* Base */ = {isa = PBXFileReference; lastKnownFileType = file.storyboard; name = Base; path = Base.lproj/Main.storyboard; sourceTree = "<group>"; };
		280EFAD21F8801290033236F /* Assets.xcassets */ = {isa = PBXFileReference; lastKnownFileType = folder.assetcatalog; path = Assets.xcassets; sourceTree = "<group>"; };
		280EFAD51F8801290033236F /* Base */ = {isa = PBXFileReference; lastKnownFileType = file.storyboard; name = Base; path = Base.lproj/LaunchScreen.storyboard; sourceTree = "<group>"; };
		280EFADF1F88140A0033236F /* Settings */ = {isa = PBXFileReference; lastKnownFileType = folder; path = Settings; sourceTree = "<group>"; };
/* End PBXFileReference section */

/* Begin PBXFrameworksBuildPhase section */
		280EFAC51F8801290033236F /* Frameworks */ = {
			isa = PBXFrameworksBuildPhase;
			buildActionMask = 2147483647;
			files = (
			);
			runOnlyForDeploymentPostprocessing = 0;
		};
/* End PBXFrameworksBuildPhase section */

/* Begin PBXGroup section */
		280EFABF1F8801290033236F = {
			isa = PBXGroup;
			children = (
				280EFACA1F8801290033236F /* FirstAfternoonDemo */,
				280EFAC91F8801290033236F /* Products */,
			);
			sourceTree = "<group>";
		};
		280EFAC91F8801290033236F /* Products */ = {
			isa = PBXGroup;
			children = (
				280EFAC81F8801290033236F /* FirstAfternoonDemo.app */,
			);
			name = Products;
			sourceTree = "<group>";
		};
		280EFACA1F8801290033236F /* FirstAfternoonDemo */ = {
			isa = PBXGroup;
			children = (
				280EFADE1F8812A30033236F /* Controller */,
				280EFACF1F8801290033236F /* Main.storyboard */,
				280EFAD21F8801290033236F /* Assets.xcassets */,
				280EFAD41F8801290033236F /* LaunchScreen.storyboard */,
				280EFADF1F88140A0033236F /* Settings */,
			);
			path = FirstAfternoonDemo;
			sourceTree = "<group>";
		};
		280EFADE1F8812A30033236F /* Controller */ = {
			isa = PBXGroup;
			children = (
				280EFACB1F8801290033236F /* AppDelegate.swift */,
				280EFACD1F8801290033236F /* ViewController.swift */,
			);
			path = Controller;
			sourceTree = "<group>";
		};
/* End PBXGroup section */

/* Begin PBXNativeTarget section */
		280EFAC71F8801290033236F /* FirstAfternoonDemo */ = {
			isa = PBXNativeTarget;
			buildConfigurationList = 280EFADA1F8801290033236F /* Build configuration list for PBXNativeTarget "FirstAfternoonDemo" */;
			buildPhases = (
				280EFAC41F8801290033236F /* Sources */,
				280EFAC51F8801290033236F /* Frameworks */,
				280EFAC61F8801290033236F /* Resources */,
			);
			buildRules = (
			);
			dependencies = (
			);
			name = FirstAfternoonDemo;
			productName = FirstAfternoonDemo;
			productReference = 280EFAC81F8801290033236F /* FirstAfternoonDemo.app */;
			productType = "com.apple.product-type.application";
		};
/* End PBXNativeTarget section */

/* Begin PBXProject section */
		280EFAC01F8801290033236F /* Project object */ = {
			isa = PBXProject;
			attributes = {
				LastSwiftUpdateCheck = 0900;
				LastUpgradeCheck = 0900;
				ORGANIZATIONNAME = Ctech;
				TargetAttributes = {
					280EFAC71F8801290033236F = {
						CreatedOnToolsVersion = 9.0;
						ProvisioningStyle = Automatic;
					};
				};
			};
			buildConfigurationList = 280EFAC31F8801290033236F /* Build configuration list for PBXProject "FirstAfternoonDemo" */;
			compatibilityVersion = "Xcode 8.0";
			developmentRegion = en;
			hasScannedForEncodings = 0;
			knownRegions = (
				en,
				Base,
			);
			mainGroup = 280EFABF1F8801290033236F;
			productRefGroup = 280EFAC91F8801290033236F /* Products */;
			projectDirPath = "";
			projectRoot = "";
			targets = (
				280EFAC71F8801290033236F /* FirstAfternoonDemo */,
			);
		};
/* End PBXProject section */

/* Begin PBXResourcesBuildPhase section */
		280EFAC61F8801290033236F /* Resources */ = {
			isa = PBXResourcesBuildPhase;
			buildActionMask = 2147483647;
			files = (
				280EFAD61F8801290033236F /* LaunchScreen.storyboard in Resources */,
				280EFAE01F88140A0033236F /* Settings in Resources */,
				280EFAD31F8801290033236F /* Assets.xcassets in Resources */,
				280EFAD11F8801290033236F /* Main.storyboard in Resources */,
			);
			runOnlyForDeploymentPostprocessing = 0;
		};
/* End PBXResourcesBuildPhase section */

/* Begin PBXSourcesBuildPhase section */
		280EFAC41F8801290033236F /* Sources */ = {
			isa = PBXSourcesBuildPhase;
			buildActionMask = 2147483647;
			files = (
				280EFACE1F8801290033236F /* ViewController.swift in Sources */,
				280EFACC1F8801290033236F /* AppDelegate.swift in Sources */,
			);
			runOnlyForDeploymentPostprocessing = 0;
		};
/* End PBXSourcesBuildPhase section */

/* Begin PBXVariantGroup section */
		280EFACF1F8801290033236F /* Main.storyboard */ = {
			isa = PBXVariantGroup;
			children = (
				280EFAD01F8801290033236F /* Base */,
			);
			name = Main.storyboard;
			sourceTree = "<group>";
		};
		280EFAD41F8801290033236F /* LaunchScreen.storyboard */ = {
			isa = PBXVariantGroup;
			children = (
				280EFAD51F8801290033236F /* Base */,
			);
			name = LaunchScreen.storyboard;
			sourceTree = "<group>";
		};
/* End PBXVariantGroup section */

/* Begin XCBuildConfiguration section */
		280EFAD81F8801290033236F /* Debug */ = {
			isa = XCBuildConfiguration;
			buildSettings = {
				ALWAYS_SEARCH_USER_PATHS = NO;
				CLANG_ANALYZER_NONNULL = YES;
				CLANG_ANALYZER_NUMBER_OBJECT_CONVERSION = YES_AGGRESSIVE;
				CLANG_CXX_LANGUAGE_STANDARD = "gnu++14";
				CLANG_CXX_LIBRARY = "libc++";
				CLANG_ENABLE_MODULES = YES;
				CLANG_ENABLE_OBJC_ARC = YES;
				CLANG_WARN_BLOCK_CAPTURE_AUTORELEASING = YES;
				CLANG_WARN_BOOL_CONVERSION = YES;
				CLANG_WARN_COMMA = YES;
				CLANG_WARN_CONSTANT_CONVERSION = YES;
				CLANG_WARN_DIRECT_OBJC_ISA_USAGE = YES_ERROR;
				CLANG_WARN_DOCUMENTATION_COMMENTS = YES;
				CLANG_WARN_EMPTY_BODY = YES;
				CLANG_WARN_ENUM_CONVERSION = YES;
				CLANG_WARN_INFINITE_RECURSION = YES;
				CLANG_WARN_INT_CONVERSION = YES;
				CLANG_WARN_NON_LITERAL_NULL_CONVERSION = YES;
				CLANG_WARN_OBJC_LITERAL_CONVERSION = YES;
				CLANG_WARN_OBJC_ROOT_CLASS = YES_ERROR;
				CLANG_WARN_RANGE_LOOP_ANALYSIS = YES;
				CLANG_WARN_STRICT_PROTOTYPES = YES;
				CLANG_WARN_SUSPICIOUS_MOVE = YES;
				CLANG_WARN_UNGUARDED_AVAILABILITY = YES_AGGRESSIVE;
				CLANG_WARN_UNREACHABLE_CODE = YES;
				CLANG_WARN__DUPLICATE_METHOD_MATCH = YES;
				CODE_SIGN_IDENTITY = "iPhone Developer";
				COPY_PHASE_STRIP = NO;
				DEBUG_INFORMATION_FORMAT = dwarf;
				ENABLE_STRICT_OBJC_MSGSEND = YES;
				ENABLE_TESTABILITY = YES;
				GCC_C_LANGUAGE_STANDARD = gnu11;
				GCC_DYNAMIC_NO_PIC = NO;
				GCC_NO_COMMON_BLOCKS = YES;
				GCC_OPTIMIZATION_LEVEL = 0;
				GCC_PREPROCESSOR_DEFINITIONS = (
					"DEBUG=1",
					"$(inherited)",
				);
				GCC_WARN_64_TO_32_BIT_CONVERSION = YES;
				GCC_WARN_ABOUT_RETURN_TYPE = YES_ERROR;
				GCC_WARN_UNDECLARED_SELECTOR = YES;
				GCC_WARN_UNINITIALIZED_AUTOS = YES_AGGRESSIVE;
				GCC_WARN_UNUSED_FUNCTION = YES;
				GCC_WARN_UNUSED_VARIABLE = YES;
				IPHONEOS_DEPLOYMENT_TARGET = 11.0;
				MTL_ENABLE_DEBUG_INFO = YES;
				ONLY_ACTIVE_ARCH = YES;
				SDKROOT = iphoneos;
				SWIFT_ACTIVE_COMPILATION_CONDITIONS = DEBUG;
				SWIFT_OPTIMIZATION_LEVEL = "-Onone";
			};
			name = Debug;
		};
		280EFAD91F8801290033236F /* Release */ = {
			isa = XCBuildConfiguration;
			buildSettings = {
				ALWAYS_SEARCH_USER_PATHS = NO;
				CLANG_ANALYZER_NONNULL = YES;
				CLANG_ANALYZER_NUMBER_OBJECT_CONVERSION = YES_AGGRESSIVE;
				CLANG_CXX_LANGUAGE_STANDARD = "gnu++14";
				CLANG_CXX_LIBRARY = "libc++";
				CLANG_ENABLE_MODULES = YES;
				CLANG_ENABLE_OBJC_ARC = YES;
				CLANG_WARN_BLOCK_CAPTURE_AUTORELEASING = YES;
				CLANG_WARN_BOOL_CONVERSION = YES;
				CLANG_WARN_COMMA = YES;
				CLANG_WARN_CONSTANT_CONVERSION = YES;
				CLANG_WARN_DIRECT_OBJC_ISA_USAGE = YES_ERROR;
				CLANG_WARN_DOCUMENTATION_COMMENTS = YES;
				CLANG_WARN_EMPTY_BODY = YES;
				CLANG_WARN_ENUM_CONVERSION = YES;
				CLANG_WARN_INFINITE_RECURSION = YES;
				CLANG_WARN_INT_CONVERSION = YES;
				CLANG_WARN_NON_LITERAL_NULL_CONVERSION = YES;
				CLANG_WARN_OBJC_LITERAL_CONVERSION = YES;
				CLANG_WARN_OBJC_ROOT_CLASS = YES_ERROR;
				CLANG_WARN_RANGE_LOOP_ANALYSIS = YES;
				CLANG_WARN_STRICT_PROTOTYPES = YES;
				CLANG_WARN_SUSPICIOUS_MOVE = YES;
				CLANG_WARN_UNGUARDED_AVAILABILITY = YES_AGGRESSIVE;
				CLANG_WARN_UNREACHABLE_CODE = YES;
				CLANG_WARN__DUPLICATE_METHOD_MATCH = YES;
				CODE_SIGN_IDENTITY = "iPhone Developer";
				COPY_PHASE_STRIP = NO;
				DEBUG_INFORMATION_FORMAT = "dwarf-with-dsym";
				ENABLE_NS_ASSERTIONS = NO;
				ENABLE_STRICT_OBJC_MSGSEND = YES;
				GCC_C_LANGUAGE_STANDARD = gnu11;
				GCC_NO_COMMON_BLOCKS = YES;
				GCC_WARN_64_TO_32_BIT_CONVERSION = YES;
				GCC_WARN_ABOUT_RETURN_TYPE = YES_ERROR;
				GCC_WARN_UNDECLARED_SELECTOR = YES;
				GCC_WARN_UNINITIALIZED_AUTOS = YES_AGGRESSIVE;
				GCC_WARN_UNUSED_FUNCTION = YES;
				GCC_WARN_UNUSED_VARIABLE = YES;
				IPHONEOS_DEPLOYMENT_TARGET = 11.0;
				MTL_ENABLE_DEBUG_INFO = NO;
				SDKROOT = iphoneos;
				SWIFT_OPTIMIZATION_LEVEL = "-Owholemodule";
				VALIDATE_PRODUCT = YES;
			};
			name = Release;
		};
		280EFADB1F8801290033236F /* Debug */ = {
			isa = XCBuildConfiguration;
			buildSettings = {
				ASSETCATALOG_COMPILER_APPICON_NAME = AppIcon;
				CODE_SIGN_STYLE = Automatic;
				INFOPLIST_FILE = "$(SRCROOT)/FirstAfternoonDemo/Settings/Info.plist";
				IPHONEOS_DEPLOYMENT_TARGET = 10.0;
				LD_RUNPATH_SEARCH_PATHS = "$(inherited) @executable_path/Frameworks";
				PRODUCT_BUNDLE_IDENTIFIER = Ctech.FirstAfternoonDemo;
				PRODUCT_NAME = "$(TARGET_NAME)";
				SWIFT_VERSION = 4.0;
				TARGETED_DEVICE_FAMILY = "1,2";
			};
			name = Debug;
		};
		280EFADC1F8801290033236F /* Release */ = {
			isa = XCBuildConfiguration;
			buildSettings = {
				ASSETCATALOG_COMPILER_APPICON_NAME = AppIcon;
				CODE_SIGN_STYLE = Automatic;
				INFOPLIST_FILE = "$(SRCROOT)/FirstAfternoonDemo/Settings/Info.plist";
				IPHONEOS_DEPLOYMENT_TARGET = 10.0;
				LD_RUNPATH_SEARCH_PATHS = "$(inherited) @executable_path/Frameworks";
				PRODUCT_BUNDLE_IDENTIFIER = Ctech.FirstAfternoonDemo;
				PRODUCT_NAME = "$(TARGET_NAME)";
				SWIFT_VERSION = 4.0;
				TARGETED_DEVICE_FAMILY = "1,2";
			};
			name = Release;
		};
/* End XCBuildConfiguration section */

/* Begin XCConfigurationList section */
		280EFAC31F8801290033236F /* Build configuration list for PBXProject "FirstAfternoonDemo" */ = {
			isa = XCConfigurationList;
			buildConfigurations = (
				280EFAD81F8801290033236F /* Debug */,
				280EFAD91F8801290033236F /* Release */,
			);
			defaultConfigurationIsVisible = 0;
			defaultConfigurationName = Release;
		};
		280EFADA1F8801290033236F /* Build configuration list for PBXNativeTarget "FirstAfternoonDemo" */ = {
			isa = XCConfigurationList;
			buildConfigurations = (
				280EFADB1F8801290033236F /* Debug */,
				280EFADC1F8801290033236F /* Release */,
			);
			defaultConfigurationIsVisible = 0;
			defaultConfigurationName = Release;
		};
/* End XCConfigurationList section */
	};
	rootObject = 280EFAC01F8801290033236F /* Project object */;
}
